
Microsoft Visual Studio Solution File, Format Version 12.00
# Visual Studio Version 17
VisualStudioVersion = 17.5.33516.290
MinimumVisualStudioVersion = 10.0.40219.1
Project("{FAE04EC0-301F-11D3-BF4B-00C04F79EFBC}") = "xadrez-console", "xadrez-console.csproj", "{297D4C54-AA43-47E9-BFFF-8781D2FA5B3B}"
EndProject
Global
	GlobalSection(SolutionConfigurationPlatforms) = preSolution
		Debug|Any CPU = Debug|Any CPU
		Release|Any CPU = Release|Any CPU
	EndGlobalSection
	GlobalSection(ProjectConfigurationPlatforms) = postSolution
		{297D4C54-AA43-47E9-BFFF-8781D2FA5B3B}.Debug|Any CPU.ActiveCfg = Debug|Any CPU
		{297D4C54-AA43-47E9-BFFF-8781D2FA5B3B}.Debug|Any CPU.Build.0 = Debug|Any CPU
		{297D4C54-AA43-47E9-BFFF-8781D2FA5B3B}.Release|Any CPU.ActiveCfg = Release|Any CPU
		{297D4C54-AA43-47E9-BFFF-8781D2FA5B3B}.Release|Any CPU.Build.0 = Release|Any CPU
	EndGlobalSection
	GlobalSection(SolutionProperties) = preSolution
		HideSolutionNode = FALSE
	EndGlobalSection
	GlobalSection(ExtensibilityGlobals) = postSolution
		SolutionGuid = {D4C7FD17-6498-45F4-B57B-5C03354D6EDD}
	EndGlobalSection
EndGlobal
